# Fusion V2 pinned upstreams
# Release builds use exact immutable commits. The complete OnePlus OKI platform is pinned
# separately in configs/oneplus_13_16.0.9.401.lock. Fusion common is now a minimal branch
# created directly from the official OnePlus common commit, not the historical 8k+ commit fork.

FUSION_COMMON_REPO=https://github.com/Zhanfg/android_kernel_common_oneplus_sm8750.git
# OnePlus e1b346... + isolated ADIOS 3.2.0 port; no historical custom-common divergence.
FUSION_COMMON_COMMIT=7fd47f1a77f06fbd5d0d8b84096d7942b456873a

RESUKISU_REPO=https://github.com/ReSukiSU/ReSukiSU.git
# Matches the ReSukiSU generation identified in the qdykernel binary audit.
RESUKISU_COMMIT=f7829ddf548a18b851d653feb76b4a569b8fd2a4

SUSFS_REPO=https://gitlab.com/simonpunk/susfs4ksu.git
SUSFS_BRANCH=gki-android15-6.6
# Exact "Bump version to 2.3.0" milestone.
SUSFS_COMMIT=eba2a88a5ba303e3d79d08e0717b956e9cf784a1
SUSFS_KERNEL_PATCH=kernel_patches/50_add_susfs_in_gki-android15-6.6.patch
SUSFS_FS_DIR=kernel_patches/fs
SUSFS_INCLUDE_DIR=kernel_patches/include/linux

KPATCH_NEXT_REPO=https://github.com/KernelSU-Next/KPatch-Next.git
# Includes the 2026-08-30 stop_machine fix.
KPATCH_NEXT_COMMIT=456744b29efb9989445463ab29e368fa59a103c4

# NTSYNC is extracted as a minimal, reproducible backport from the previously audited 6.6 tree.
# The source files are verified by Git blob SHA before they are accepted into the official base.
NTSYNC_REFERENCE_REPO=https://github.com/Zhanfg/android_kernel_common_oneplus_sm8750.git
NTSYNC_REFERENCE_COMMIT=a187d340088dc23dc5bfaadf34b4475af3ea9297
NTSYNC_DRIVER_PATH=drivers/misc/ntsync.c
NTSYNC_UAPI_PATH=include/uapi/linux/ntsync.h
NTSYNC_DRIVER_BLOB=d279267cc75b1c29dd02ef99074e21a96884f5c5
NTSYNC_UAPI_BLOB=6d06793512b150a80018618b698537a0e3793e54

# ADIOS 3.2.0 was ported as an isolated commit on top of the official OnePlus common.
ADIOS_SOURCE_COMMIT=21a2f5acd267b59caf06620a38df69aef9b6483e
ADIOS_FUSION_COMMIT=7fd47f1a77f06fbd5d0d8b84096d7942b456873a
ADIOS_VERSION=3.2.0
